// !$*UTF8*$!
{
	archiveVersion = 1;
	classes = {
	};
	objectVersion = 46;
	objects = {

/* Begin PBXBuildFile section */
		A492914D1FFEE922000C21BA /* AppDelegate.swift in Sources */ = {isa = PBXBuildFile; fileRef = A492914C1FFEE922000C21BA /* AppDelegate.swift */; };
		A492914F1FFEE922000C21BA /* ViewController.swift in Sources */ = {isa = PBXBuildFile; fileRef = A492914E1FFEE922000C21BA /* ViewController.swift */; };
		A49291521FFEE923000C21BA /* Main.storyboard in Resources */ = {isa = PBXBuildFile; fileRef = A49291501FFEE923000C21BA /* Main.storyboard */; };
		A49291541FFEE923000C21BA /* Assets.xcassets in Resources */ = {isa = PBXBuildFile; fileRef = A49291531FFEE923000C21BA /* Assets.xcassets */; };
		A49291571FFEE923000C21BA /* LaunchScreen.storyboard in Resources */ = {isa = PBXBuildFile; fileRef = A49291551FFEE923000C21BA /* LaunchScreen.storyboard */; };
/* End PBXBuildFile section */

/* Begin PBXFileReference section */
		A49291491FFEE922000C21BA /* instagram-cloned.app */ = {isa = PBXFileReference; explicitFileType = wrapper.application; includeInIndex = 0; path = "instagram-cloned.app"; sourceTree = BUILT_PRODUCTS_DIR; };
		A492914C1FFEE922000C21BA /* AppDelegate.swift */ = {isa = PBXFileReference; lastKnownFileType = sourcecode.swift; path = AppDelegate.swift; sourceTree = "<group>"; };
		A492914E1FFEE922000C21BA /* ViewController.swift */ = {isa = PBXFileReference; lastKnownFileType = sourcecode.swift; path = ViewController.swift; sourceTree = "<group>"; };
		A49291511FFEE923000C21BA /* Base */ = {isa = PBXFileReference; lastKnownFileType = file.storyboard; name = Base; path = Base.lproj/Main.storyboard; sourceTree = "<group>"; };
		A49291531FFEE923000C21BA /* Assets.xcassets */ = {isa = PBXFileReference; lastKnownFileType = folder.assetcatalog; path = Assets.xcassets; sourceTree = "<group>"; };
		A49291561FFEE923000C21BA /* Base */ = {isa = PBXFileReference; lastKnownFileType = file.storyboard; name = Base; path = Base.lproj/LaunchScreen.storyboard; sourceTree = "<group>"; };
		A49291581FFEE923000C21BA /* Info.plist */ = {isa = PBXFileReference; lastKnownFileType = text.plist.xml; path = Info.plist; sourceTree = "<group>"; };
/* End PBXFileReference section */

/* Begin PBXFrameworksBuildPhase section */
		A49291461FFEE922000C21BA /* Frameworks */ = {
			isa = PBXFrameworksBuildPhase;
			buildActionMask = 2147483647;
			files = (
			);
			runOnlyForDeploymentPostprocessing = 0;
		};
/* End PBXFrameworksBuildPhase section */

/* Begin PBXGroup section */
		A49291401FFEE922000C21BA = {
			isa = PBXGroup;
			children = (
				A492914B1FFEE922000C21BA /* instagram-cloned */,
				A492914A1FFEE922000C21BA /* Products */,
			);
			sourceTree = "<group>";
		};
		A492914A1FFEE922000C21BA /* Products */ = {
			isa = PBXGroup;
			children = (
				A49291491FFEE922000C21BA /* instagram-cloned.app */,
			);
			name = Products;
			sourceTree = "<group>";
		};
		A492914B1FFEE922000C21BA /* instagram-cloned */ = {
			isa = PBXGroup;
			children = (
				A492914C1FFEE922000C21BA /* AppDelegate.swift */,
				A492914E1FFEE922000C21BA /* ViewController.swift */,
				A49291501FFEE923000C21BA /* Main.storyboard */,
				A49291531FFEE923000C21BA /* Assets.xcassets */,
				A49291551FFEE923000C21BA /* LaunchScreen.storyboard */,
				A49291581FFEE923000C21BA /* Info.plist */,
			);
			path = "instagram-cloned";
			sourceTree = "<group>";
		};
/* End PBXGroup section */

/* Begin PBXNativeTarget section */
		A49291481FFEE922000C21BA /* instagram-cloned */ = {
			isa = PBXNativeTarget;
			buildConfigurationList = A492915B1FFEE923000C21BA /* Build configuration list for PBXNativeTarget "instagram-cloned" */;
			buildPhases = (
				A49291451FFEE922000C21BA /* Sources */,
				A49291461FFEE922000C21BA /* Frameworks */,
				A49291471FFEE922000C21BA /* Resources */,
			);
			buildRules = (
			);
			dependencies = (
			);
			name = "instagram-cloned";
			productName = "instagram-cloned";
			productReference = A49291491FFEE922000C21BA /* instagram-cloned.app */;
			productType = "com.apple.product-type.application";
		};
/* End PBXNativeTarget section */

/* Begin PBXProject section */
		A49291411FFEE922000C21BA /* Project object */ = {
			isa = PBXProject;
			attributes = {
				LastSwiftUpdateCheck = 0810;
				LastUpgradeCheck = 0810;
				ORGANIZATIONNAME = "Chengjiu Hong";
				TargetAttributes = {
					A49291481FFEE922000C21BA = {
						CreatedOnToolsVersion = 8.1;
						DevelopmentTeam = DS9SR4VGCQ;
						ProvisioningStyle = Automatic;
					};
				};
			};
			buildConfigurationList = A49291441FFEE922000C21BA /* Build configuration list for PBXProject "instagram-cloned" */;
			compatibilityVersion = "Xcode 3.2";
			developmentRegion = English;
			hasScannedForEncodings = 0;
			knownRegions = (
				en,
				Base,
			);
			mainGroup = A49291401FFEE922000C21BA;
			productRefGroup = A492914A1FFEE922000C21BA /* Products */;
			projectDirPath = "";
			projectRoot = "";
			targets = (
				A49291481FFEE922000C21BA /* instagram-cloned */,
			);
		};
/* End PBXProject section */

/* Begin PBXResourcesBuildPhase section */
		A49291471FFEE922000C21BA /* Resources */ = {
			isa = PBXResourcesBuildPhase;
			buildActionMask = 2147483647;
			files = (
				A49291571FFEE923000C21BA /* LaunchScreen.storyboard in Resources */,
				A49291541FFEE923000C21BA /* Assets.xcassets in Resources */,
				A49291521FFEE923000C21BA /* Main.storyboard in Resources */,
			);
			runOnlyForDeploymentPostprocessing = 0;
		};
/* End PBXResourcesBuildPhase section */

/* Begin PBXSourcesBuildPhase section */
		A49291451FFEE922000C21BA /* Sources */ = {
			isa = PBXSourcesBuildPhase;
			buildActionMask = 2147483647;
			files = (
				A492914F1FFEE922000C21BA /* ViewController.swift in Sources */,
				A492914D1FFEE922000C21BA /* AppDelegate.swift in Sources */,
			);
			runOnlyForDeploymentPostprocessing = 0;
		};
/* End PBXSourcesBuildPhase section */

/* Begin PBXVariantGroup section */
		A49291501FFEE923000C21BA /* Main.storyboard */ = {
			isa = PBXVariantGroup;
			children = (
				A49291511FFEE923000C21BA /* Base */,
			);
			name = Main.storyboard;
			sourceTree = "<group>";
		};
		A49291551FFEE923000C21BA /* LaunchScreen.storyboard */ = {
			isa = PBXVariantGroup;
			children = (
				A49291561FFEE923000C21BA /* Base */,
			);
			name = LaunchScreen.storyboard;
			sourceTree = "<group>";
		};
/* End PBXVariantGroup section */

/* Begin XCBuildConfiguration section */
		A49291591FFEE923000C21BA /* Debug */ = {
			isa = XCBuildConfiguration;
			buildSettings = {
				ALWAYS_SEARCH_USER_PATHS = NO;
				CLANG_ANALYZER_NONNULL = YES;
				CLANG_CXX_LANGUAGE_STANDARD = "gnu++0x";
				CLANG_CXX_LIBRARY = "libc++";
				CLANG_ENABLE_MODULES = YES;
				CLANG_ENABLE_OBJC_ARC = YES;
				CLANG_WARN_BOOL_CONVERSION = YES;
				CLANG_WARN_CONSTANT_CONVERSION = YES;
				CLANG_WARN_DIRECT_OBJC_ISA_USAGE = YES_ERROR;
				CLANG_WARN_DOCUMENTATION_COMMENTS = YES;
				CLANG_WARN_EMPTY_BODY = YES;
				CLANG_WARN_ENUM_CONVERSION = YES;
				CLANG_WARN_INFINITE_RECURSION = YES;
				CLANG_WARN_INT_CONVERSION = YES;
				CLANG_WARN_OBJC_ROOT_CLASS = YES_ERROR;
				CLANG_WARN_SUSPICIOUS_MOVES = YES;
				CLANG_WARN_UNREACHABLE_CODE = YES;
				CLANG_WARN__DUPLICATE_METHOD_MATCH = YES;
				"CODE_SIGN_IDENTITY[sdk=iphoneos*]" = "iPhone Developer";
				COPY_PHASE_STRIP = NO;
				DEBUG_INFORMATION_FORMAT = dwarf;
				ENABLE_STRICT_OBJC_MSGSEND = YES;
				ENABLE_TESTABILITY = YES;
				GCC_C_LANGUAGE_STANDARD = gnu99;
				GCC_DYNAMIC_NO_PIC = NO;
				GCC_NO_COMMON_BLOCKS = YES;
				GCC_OPTIMIZATION_LEVEL = 0;
				GCC_PREPROCESSOR_DEFINITIONS = (
					"DEBUG=1",
					"$(inherited)",
				);
				GCC_WARN_64_TO_32_BIT_CONVERSION = YES;
				GCC_WARN_ABOUT_RETURN_TYPE = YES_ERROR;
				GCC_WARN_UNDECLARED_SELECTOR = YES;
				GCC_WARN_UNINITIALIZED_AUTOS = YES_AGGRESSIVE;
				GCC_WARN_UNUSED_FUNCTION = YES;
				GCC_WARN_UNUSED_VARIABLE = YES;
				IPHONEOS_DEPLOYMENT_TARGET = 10.1;
				MTL_ENABLE_DEBUG_INFO = YES;
				ONLY_ACTIVE_ARCH = YES;
				SDKROOT = iphoneos;
				SWIFT_ACTIVE_COMPILATION_CONDITIONS = DEBUG;
				SWIFT_OPTIMIZATION_LEVEL = "-Onone";
			};
			name = Debug;
		};
		A492915A1FFEE923000C21BA /* Release */ = {
			isa = XCBuildConfiguration;
			buildSettings = {
				ALWAYS_SEARCH_USER_PATHS = NO;
				CLANG_ANALYZER_NONNULL = YES;
				CLANG_CXX_LANGUAGE_STANDARD = "gnu++0x";
				CLANG_CXX_LIBRARY = "libc++";
				CLANG_ENABLE_MODULES = YES;
				CLANG_ENABLE_OBJC_ARC = YES;
				CLANG_WARN_BOOL_CONVERSION = YES;
				CLANG_WARN_CONSTANT_CONVERSION = YES;
				CLANG_WARN_DIRECT_OBJC_ISA_USAGE = YES_ERROR;
				CLANG_WARN_DOCUMENTATION_COMMENTS = YES;
				CLANG_WARN_EMPTY_BODY = YES;
				CLANG_WARN_ENUM_CONVERSION = YES;
				CLANG_WARN_INFINITE_RECURSION = YES;
				CLANG_WARN_INT_CONVERSION = YES;
				CLANG_WARN_OBJC_ROOT_CLASS = YES_ERROR;
				CLANG_WARN_SUSPICIOUS_MOVES = YES;
				CLANG_WARN_UNREACHABLE_CODE = YES;
				CLANG_WARN__DUPLICATE_METHOD_MATCH = YES;
				"CODE_SIGN_IDENTITY[sdk=iphoneos*]" = "iPhone Developer";
				COPY_PHASE_STRIP = NO;
				DEBUG_INFORMATION_FORMAT = "dwarf-with-dsym";
				ENABLE_NS_ASSERTIONS = NO;
				ENABLE_STRICT_OBJC_MSGSEND = YES;
				GCC_C_LANGUAGE_STANDARD = gnu99;
				GCC_NO_COMMON_BLOCKS = YES;
				GCC_WARN_64_TO_32_BIT_CONVERSION = YES;
				GCC_WARN_ABOUT_RETURN_TYPE = YES_ERROR;
				GCC_WARN_UNDECLARED_SELECTOR = YES;
				GCC_WARN_UNINITIALIZED_AUTOS = YES_AGGRESSIVE;
				GCC_WARN_UNUSED_FUNCTION = YES;
				GCC_WARN_UNUSED_VARIABLE = YES;
				IPHONEOS_DEPLOYMENT_TARGET = 10.1;
				MTL_ENABLE_DEBUG_INFO = NO;
				SDKROOT = iphoneos;
				SWIFT_OPTIMIZATION_LEVEL = "-Owholemodule";
				VALIDATE_PRODUCT = YES;
			};
			name = Release;
		};
		A492915C1FFEE923000C21BA /* Debug */ = {
			isa = XCBuildConfiguration;
			buildSettings = {
				ASSETCATALOG_COMPILER_APPICON_NAME = AppIcon;
				"CODE_SIGN_IDENTITY[sdk=iphoneos*]" = "iPhone Developer";
				DEVELOPMENT_TEAM = DS9SR4VGCQ;
				INFOPLIST_FILE = "instagram-cloned/Info.plist";
				LD_RUNPATH_SEARCH_PATHS = "$(inherited) @executable_path/Frameworks";
				PRODUCT_BUNDLE_IDENTIFIER = "com.chengjiu.instagram-cloned";
				PRODUCT_NAME = "$(TARGET_NAME)";
				SWIFT_VERSION = 3.0;
			};
			name = Debug;
		};
		A492915D1FFEE923000C21BA /* Release */ = {
			isa = XCBuildConfiguration;
			buildSettings = {
				ASSETCATALOG_COMPILER_APPICON_NAME = AppIcon;
				"CODE_SIGN_IDENTITY[sdk=iphoneos*]" = "iPhone Developer";
				DEVELOPMENT_TEAM = DS9SR4VGCQ;
				INFOPLIST_FILE = "instagram-cloned/Info.plist";
				LD_RUNPATH_SEARCH_PATHS = "$(inherited) @executable_path/Frameworks";
				PRODUCT_BUNDLE_IDENTIFIER = "com.chengjiu.instagram-cloned";
				PRODUCT_NAME = "$(TARGET_NAME)";
				SWIFT_VERSION = 3.0;
			};
			name = Release;
		};
/* End XCBuildConfiguration section */

/* Begin XCConfigurationList section */
		A49291441FFEE922000C21BA /* Build configuration list for PBXProject "instagram-cloned" */ = {
			isa = XCConfigurationList;
			buildConfigurations = (
				A49291591FFEE923000C21BA /* Debug */,
				A492915A1FFEE923000C21BA /* Release */,
			);
			defaultConfigurationIsVisible = 0;
			defaultConfigurationName = Release;
		};
		A492915B1FFEE923000C21BA /* Build configuration list for PBXNativeTarget "instagram-cloned" */ = {
			isa = XCConfigurationList;
			buildConfigurations = (
				A492915C1FFEE923000C21BA /* Debug */,
				A492915D1FFEE923000C21BA /* Release */,
			);
			defaultConfigurationIsVisible = 0;
		};
/* End XCConfigurationList section */
	};
	rootObject = A49291411FFEE922000C21BA /* Project object */;
}
